
Microsoft Visual Studio Solution File, Format Version 12.00
# Visual Studio Version 17
VisualStudioVersion = 17.4.33205.214
MinimumVisualStudioVersion = 10.0.40219.1
Project("{2150E333-8FDC-42A3-9474-1A3956D46DE8}") = "Core", "Core", "{06C1D61C-5934-42C9-8D65-FFB5A5DDA6EA}"
EndProject
Project("{2150E333-8FDC-42A3-9474-1A3956D46DE8}") = "Api", "Api", "{9F8A78C0-D033-4AEE-ADC0-EF5810B912DD}"
EndProject
Project("{2150E333-8FDC-42A3-9474-1A3956D46DE8}") = "Adapters", "Adapters", "{82F64ADB-FB81-4C6B-9105-F5929B9DAF00}"
EndProject
Project("{2150E333-8FDC-42A3-9474-1A3956D46DE8}") = "Infra", "Infra", "{E6BE674C-7AAE-467F-865F-6D016F3B521F}"
EndProject
Project("{2150E333-8FDC-42A3-9474-1A3956D46DE8}") = "Tests", "Tests", "{7CFFAD55-B375-4DC2-9977-F9C0567195BF}"
EndProject
Project("{FAE04EC0-301F-11D3-BF4B-00C04F79EFBC}") = "Api", "Api\Api.csproj", "{10C01B46-EE67-46E9-AD38-F379575FF899}"
EndProject
Project("{FAE04EC0-301F-11D3-BF4B-00C04F79EFBC}") = "Domain", "Domain\Domain.csproj", "{61BF7B5C-ADB6-4DB4-B246-55D332ABDC65}"
EndProject
Project("{FAE04EC0-301F-11D3-BF4B-00C04F79EFBC}") = "Repository", "Repository\Repository.csproj", "{88877C2D-AC89-4C3D-9625-B10C23B08229}"
EndProject
Project("{FAE04EC0-301F-11D3-BF4B-00C04F79EFBC}") = "Application", "Application\Application.csproj", "{03010EF8-7A52-495C-8811-F0196786A099}"
EndProject
Project("{FAE04EC0-301F-11D3-BF4B-00C04F79EFBC}") = "Business", "Business\Business.csproj", "{F57C7FB6-AF1C-4BEC-9CA3-86543777A281}"
EndProject
Global
	GlobalSection(SolutionConfigurationPlatforms) = preSolution
		Debug|Any CPU = Debug|Any CPU
		Release|Any CPU = Release|Any CPU
	EndGlobalSection
	GlobalSection(ProjectConfigurationPlatforms) = postSolution
		{10C01B46-EE67-46E9-AD38-F379575FF899}.Debug|Any CPU.ActiveCfg = Debug|Any CPU
		{10C01B46-EE67-46E9-AD38-F379575FF899}.Debug|Any CPU.Build.0 = Debug|Any CPU
		{10C01B46-EE67-46E9-AD38-F379575FF899}.Release|Any CPU.ActiveCfg = Release|Any CPU
		{10C01B46-EE67-46E9-AD38-F379575FF899}.Release|Any CPU.Build.0 = Release|Any CPU
		{61BF7B5C-ADB6-4DB4-B246-55D332ABDC65}.Debug|Any CPU.ActiveCfg = Debug|Any CPU
		{61BF7B5C-ADB6-4DB4-B246-55D332ABDC65}.Debug|Any CPU.Build.0 = Debug|Any CPU
		{61BF7B5C-ADB6-4DB4-B246-55D332ABDC65}.Release|Any CPU.ActiveCfg = Release|Any CPU
		{61BF7B5C-ADB6-4DB4-B246-55D332ABDC65}.Release|Any CPU.Build.0 = Release|Any CPU
		{88877C2D-AC89-4C3D-9625-B10C23B08229}.Debug|Any CPU.ActiveCfg = Debug|Any CPU
		{88877C2D-AC89-4C3D-9625-B10C23B08229}.Debug|Any CPU.Build.0 = Debug|Any CPU
		{88877C2D-AC89-4C3D-9625-B10C23B08229}.Release|Any CPU.ActiveCfg = Release|Any CPU
		{88877C2D-AC89-4C3D-9625-B10C23B08229}.Release|Any CPU.Build.0 = Release|Any CPU
		{03010EF8-7A52-495C-8811-F0196786A099}.Debug|Any CPU.ActiveCfg = Debug|Any CPU
		{03010EF8-7A52-495C-8811-F0196786A099}.Debug|Any CPU.Build.0 = Debug|Any CPU
		{03010EF8-7A52-495C-8811-F0196786A099}.Release|Any CPU.ActiveCfg = Release|Any CPU
		{03010EF8-7A52-495C-8811-F0196786A099}.Release|Any CPU.Build.0 = Release|Any CPU
		{F57C7FB6-AF1C-4BEC-9CA3-86543777A281}.Debug|Any CPU.ActiveCfg = Debug|Any CPU
		{F57C7FB6-AF1C-4BEC-9CA3-86543777A281}.Debug|Any CPU.Build.0 = Debug|Any CPU
		{F57C7FB6-AF1C-4BEC-9CA3-86543777A281}.Release|Any CPU.ActiveCfg = Release|Any CPU
		{F57C7FB6-AF1C-4BEC-9CA3-86543777A281}.Release|Any CPU.Build.0 = Release|Any CPU
	EndGlobalSection
	GlobalSection(SolutionProperties) = preSolution
		HideSolutionNode = FALSE
	EndGlobalSection
	GlobalSection(NestedProjects) = preSolution
		{10C01B46-EE67-46E9-AD38-F379575FF899} = {9F8A78C0-D033-4AEE-ADC0-EF5810B912DD}
		{61BF7B5C-ADB6-4DB4-B246-55D332ABDC65} = {06C1D61C-5934-42C9-8D65-FFB5A5DDA6EA}
		{88877C2D-AC89-4C3D-9625-B10C23B08229} = {82F64ADB-FB81-4C6B-9105-F5929B9DAF00}
		{03010EF8-7A52-495C-8811-F0196786A099} = {06C1D61C-5934-42C9-8D65-FFB5A5DDA6EA}
		{F57C7FB6-AF1C-4BEC-9CA3-86543777A281} = {06C1D61C-5934-42C9-8D65-FFB5A5DDA6EA}
	EndGlobalSection
	GlobalSection(ExtensibilityGlobals) = postSolution
		SolutionGuid = {DCC4E542-47E9-4A6B-B457-885E66E6F95C}
	EndGlobalSection
EndGlobal
